
Microsoft Visual Studio Solution File, Format Version 12.00
# Visual Studio Version 17
VisualStudioVersion = 17.11.35312.102
MinimumVisualStudioVersion = 10.0.40219.1
Project("{FAE04EC0-301F-11D3-BF4B-00C04F79EFBC}") = "ProductAPI", "ProductAPI\ProductAPI.csproj", "{DE273867-9798-4797-AD9E-D4329A60EF4B}"
EndProject
Global
	GlobalSection(SolutionConfigurationPlatforms) = preSolution
		Debug|Any CPU = Debug|Any CPU
		Release|Any CPU = Release|Any CPU
	EndGlobalSection
	GlobalSection(ProjectConfigurationPlatforms) = postSolution
		{DE273867-9798-4797-AD9E-D4329A60EF4B}.Debug|Any CPU.ActiveCfg = Debug|Any CPU
		{DE273867-9798-4797-AD9E-D4329A60EF4B}.Debug|Any CPU.Build.0 = Debug|Any CPU
		{DE273867-9798-4797-AD9E-D4329A60EF4B}.Release|Any CPU.ActiveCfg = Release|Any CPU
		{DE273867-9798-4797-AD9E-D4329A60EF4B}.Release|Any CPU.Build.0 = Release|Any CPU
	EndGlobalSection
	GlobalSection(SolutionProperties) = preSolution
		HideSolutionNode = FALSE
	EndGlobalSection
	GlobalSection(ExtensibilityGlobals) = postSolution
		SolutionGuid = {6C40B7B9-E88F-4273-87AF-10D053C9A152}
	EndGlobalSection
EndGlobal
